version = 1
revision = 3
requires-python = "==3.11.*"

[[package]]
name = "annotated-types"
version = "0.7.0"
source = { registry = "https://pypi.org/simple" }
sdist = { url = "https://files.pythonhosted.org/packages/ee/67/531ea369ba64dcff5ec9c3402f9f51bf748cec26dde048a2f973a4eea7f5/annotated_types-0.7.0.tar.gz", hash = "sha256:aff07c09a53a08bc8cfccb9c85b05f1aa9a2a6f23728d790723543408344ce89", size = 16081, upload-time = "2024-05-20T21:33:25.928Z" }
wheels = [
    { url = "https://files.pythonhosted.org/packages/78/b6/6307fbef88d9b5ee7421e68d78a9f162e0da4900bc5f5793f6d3d0e34fb8/annotated_types-0.7.0-py3-none-any.whl", hash = "sha256:1f02e8b43a8fbbc3f3e0d4f0f4bfc8131bcb4eebe8849b8e5c773f3a1c582a53", size = 13643, upload-time = "2024-05-20T21:33:24.1Z" },
]

[[package]]
name = "colorama"
version = "0.4.6"
source = { registry = "https://pypi.org/simple" }
sdist = { url = "https://files.pythonhosted.org/packages/d8/53/6f443c9a4a8358a93a6792e2acffb9d9d5cb0a5cfd8802644b7b1c9a02e4/colorama-0.4.6.tar.gz", hash = "sha256:08695f5cb7ed6e0531a20572697297273c47b8cae5a63ffc6d6ed5c201be6e44", size = 27697, upload-time = "2022-10-25T02:36:22.414Z" }
wheels = [
    { url = "https://files.pythonhosted.org/packages/d1/d6/3965ed04c63042e047cb6a3e6ed1a63a35087b6a609aa3a15ed8ac56c221/colorama-0.4.6-py2.py3-none-any.whl", hash = "sha256:4f1d9991f5acc0ca119f9d443620b77f9d6b33703e51011c16baf57afb285fc6", size = 25335, upload-time = "2022-10-25T02:36:20.889Z" },
]

[[package]]
name = "iniconfig"
version = "2.1.0"
source = { registry = "https://pypi.org/simple" }
sdist = { url = "https://files.pythonhosted.org/packages/f2/97/ebf4da567aa6827c909642694d71c9fcf53e5b504f2d96afea02718862f3/iniconfig-2.1.0.tar.gz", hash = "sha256:3abbd2e30b36733fee78f9c7f7308f2d0050e88f0087fd25c2645f63c773e1c7", size = 4793, upload-time = "2025-03-19T20:09:59.721Z" }
wheels = [
    { url = "https://files.pythonhosted.org/packages/2c/e1/e6716421ea10d38022b952c159d5161ca1193197fb744506875fbb87ea7b/iniconfig-2.1.0-py3-none-any.whl", hash = "sha256:9deba5723312380e77435581c6bf4935c94cbfab9b1ed33ef8d238ea168eb760", size = 6050, upload-time = "2025-03-19T20:10:01.071Z" },
]

[[package]]
name = "lark"
version = "1.3.0"
source = { registry = "https://pypi.org/simple" }
sdist = { url = "https://files.pythonhosted.org/packages/1d/37/a13baf0135f348af608c667633cbe5d13aa2c5c15a56ae9ad3e6cba45ae3/lark-1.3.0.tar.gz", hash = "sha256:9a3839d0ca5e1faf7cfa3460e420e859b66bcbde05b634e73c369c8244c5fa48", size = 259551, upload-time = "2025-09-22T13:45:05.072Z" }
wheels = [
    { url = "https://files.pythonhosted.org/packages/a8/3e/1c6b43277de64fc3c0333b0e72ab7b52ddaaea205210d60d9b9f83c3d0c7/lark-1.3.0-py3-none-any.whl", hash = "sha256:80661f261fb2584a9828a097a2432efd575af27d20be0fd35d17f0fe37253831", size = 113002, upload-time = "2025-09-22T13:45:03.747Z" },
]

[[package]]
name = "librt"
version = "0.10.0"
source = { registry = "https://pypi.org/simple" }
sdist = { url = "https://files.pythonhosted.org/packages/39/cb/c1945e506893b5b8577fb45a60c80e3ffe4a82092a04a6f29b0b951d9a24/librt-0.10.0.tar.gz", hash = "sha256:1aba1e8aa4e3307a7be68a74149545fde7451964dc0235a8bec5704a17bdda42", size = 191799, upload-time = "2026-05-05T16:31:23.535Z" }
wheels = [
    { url = "https://files.pythonhosted.org/packages/e2/a3/1472717d2325adacc8d335ba2e4078015c09d75b599f3cf48e967b3d306e/librt-0.10.0-cp311-cp311-macosx_10_9_x86_64.whl", hash = "sha256:01b4500ca3a625450c032a9142a8e843923ce263fa8a92ad1b38927cabe2fe72", size = 76045, upload-time = "2026-05-05T16:29:18.731Z" },
    { url = "https://files.pythonhosted.org/packages/a6/31/bfe32355d4b369aef3d7aa442df663bb5558c2ffa2de286cb2956346bc24/librt-0.10.0-cp311-cp311-macosx_11_0_arm64.whl", hash = "sha256:6b7e42d1b3e300d20bfc87e72ffd62f0a92a2cb3c35f7bf90df90c9d2a49f74c", size = 79466, upload-time = "2026-05-05T16:29:20.052Z" },
    { url = "https://files.pythonhosted.org/packages/e9/f1/83f8a2c715ba2cac9b7387a5a5cea25f717f7184320cfe48b36bed9c58e9/librt-0.10.0-cp311-cp311-manylinux2014_aarch64.manylinux_2_17_aarch64.manylinux_2_28_aarch64.whl", hash = "sha256:c8ef7b8c61ce3a1b597cd3e15348ff1574325165c2e7ce09a718154cde2a7950", size = 242283, upload-time = "2026-05-05T16:29:21.596Z" },
    { url = "https://files.pythonhosted.org/packages/cc/94/c3a4ce94857f0004a542f86662806383611858f522722db58efaec0a1472/librt-0.10.0-cp311-cp311-manylinux2014_i686.manylinux_2_17_i686.manylinux_2_28_i686.whl", hash = "sha256:e73c84f72d1fa0d6eaa7a1930b436ba8d2c90c58d77bfabb09995a69ad35f6c0", size = 230735, upload-time = "2026-05-05T16:29:23.335Z" },
    { url = "https://files.pythonhosted.org/packages/d1/41/e962bb26c7728eb7b3a69e490d0c800fd9968a6970e390c1f18ddb56093d/librt-0.10.0-cp311-cp311-manylinux2014_x86_64.manylinux_2_17_x86_64.manylinux_2_28_x86_64.whl", hash = "sha256:9728cb98713bd862fb8f4fd6a642d1896c86058a41d77c70f3d5cee75e725275", size = 256606, upload-time = "2026-05-05T16:29:24.91Z" },
    { url = "https://files.pythonhosted.org/packages/66/3a/4e46a707b1ecc993fd691071623b9beab89703a63bd21cc7807e06c28209/librt-0.10.0-cp311-cp311-manylinux_2_31_riscv64.manylinux_2_39_riscv64.whl", hash = "sha256:648b7e941d20acd72f9652115e0e53facd98156d61f9ebf7a812bdef8bdccea9", size = 249739, upload-time = "2026-05-05T16:29:26.648Z" },
    { url = "https://files.pythonhosted.org/packages/b2/f5/dc5b7eb294656ad23d4ff4cf8514208d54fe1026b909d726a0dc026689c9/librt-0.10.0-cp311-cp311-musllinux_1_2_aarch64.whl", hash = "sha256:c3e33747c068e86a9007c20fdb777eb5ba8d3d19136d7812f88e69a713041b6f", size = 261414, upload-time = "2026-05-05T16:29:28.702Z" },
    { url = "https://files.pythonhosted.org/packages/58/e4/990ed8d12c7f114ac8f8ccd47f7d9bd9704ef61acfcb1df4a05047da7710/librt-0.10.0-cp311-cp311-musllinux_1_2_i686.whl", hash = "sha256:d509c745bf7e77d1107cf05e6abb249dc03fad13eb39f2286a49deedaeb2bcd7", size = 256614, upload-time = "2026-05-05T16:29:30.357Z" },
    { url = "https://files.pythonhosted.org/packages/60/eb/52d2726c7fb22818507dc3cc166c8f36dd4a4b68a7be67f12006ac8777c1/librt-0.10.0-cp311-cp311-musllinux_1_2_riscv64.whl", hash = "sha256:786ad5a15e99d0e0e74f3adbeecc198a5ac58f340be07e984723d1e0074838de", size = 255144, upload-time = "2026-05-05T16:29:32.106Z" },
    { url = "https://files.pythonhosted.org/packages/bc/df/bd5591a78f7531fce4b6eb9962aadc6adc9560a01570442a884b6e554abe/librt-0.10.0-cp311-cp311-musllinux_1_2_x86_64.whl", hash = "sha256:075582d877a97ee3d8e77bda3689dbe617b14f6469224a2d80b4b6c38e3951aa", size = 279121, upload-time = "2026-05-05T16:29:33.688Z" },
    { url = "https://files.pythonhosted.org/packages/fd/df/7c2b838dfc89a1762dd156d8b0c39848a7a2845d725a50be5a6e021fb8ba/librt-0.10.0-cp311-cp311-win32.whl", hash = "sha256:75ecdc3f5a90065aa2af2e574706c5495adc392520762dcf10b1aa716f0b8090", size = 62593, upload-time = "2026-05-05T16:29:35.152Z" },
    { url = "https://files.pythonhosted.org/packages/91/19/22ff572981049a9d436a083dbea1572d0f5dc068b7353637d2dd9977c8f1/librt-0.10.0-cp311-cp311-win_amd64.whl", hash = "sha256:b6f6084884131d8a52cb9d7095ff2aa52c1e786d9fdaefab1fb4515415e9e083", size = 70914, upload-time = "2026-05-05T16:29:36.407Z" },
    { url = "https://files.pythonhosted.org/packages/12/22/1697cc64f4a5c7e9bce55e99c6d234a346beaedaefcd1e2ca90dd285f98c/librt-0.10.0-cp311-cp311-win_arm64.whl", hash = "sha256:0140bd62151160047e89b2730cb6f8506cdac5127baa1afb9231e4dd3fe7f681", size = 61176, upload-time = "2026-05-05T16:29:37.62Z" },
]

[[package]]
name = "mypy"
version = "1.20.2"
source = { registry = "https://pypi.org/simple" }
dependencies = [
    { name = "librt", marker = "platform_python_implementation != 'PyPy'" },
    { name = "mypy-extensions" },
    { name = "pathspec" },
    { name = "typing-extensions" },
]
sdist = { url = "https://files.pythonhosted.org/packages/04/af/e3d4b3e9ec91a0ff9aabfdb38692952acf49bbb899c2e4c29acb3a6da3ae/mypy-1.20.2.tar.gz", hash = "sha256:e8222c26daaafd9e8626dec58ae36029f82585890589576f769a650dd20fd665", size = 3817349, upload-time = "2026-04-21T17:12:28.473Z" }
wheels = [
    { url = "https://files.pythonhosted.org/packages/1f/4d/9ebeae211caccbdaddde7ed5e31dfcf57faac66be9b11deb1dc6526c8078/mypy-1.20.2-cp311-cp311-macosx_10_9_x86_64.whl", hash = "sha256:4077797a273e56e8843d001e9dfe4ba10e33323d6ade647ff260e5cd97d9758c", size = 14371307, upload-time = "2026-04-21T17:08:56.442Z" },
    { url = "https://files.pythonhosted.org/packages/95/d7/93473d34b61f04fac1aecc01368485c89c5c4af7a4b9a0cab5d77d04b63f/mypy-1.20.2-cp311-cp311-macosx_11_0_arm64.whl", hash = "sha256:cdecf62abcc4292500d7858aeae87a1f8f1150f4c4dd08fb0b336ee79b2a6df3", size = 13258917, upload-time = "2026-04-21T17:05:50.978Z" },
    { url = "https://files.pythonhosted.org/packages/e2/30/3dd903e8bafb7b5f7bf87fcd58f8382086dea2aa19f0a7b357f21f63071b/mypy-1.20.2-cp311-cp311-manylinux2014_aarch64.manylinux_2_17_aarch64.manylinux_2_28_aarch64.whl", hash = "sha256:c566c3a88b6ece59b3d70f65bedef17304f48eb52ff040a6a18214e1917b3254", size = 13700516, upload-time = "2026-04-21T17:11:33.161Z" },
    { url = "https://files.pythonhosted.org/packages/07/05/c61a140aba4c729ac7bc99ae26fc627c78a6e08f5b9dd319244ea71a3d7e/mypy-1.20.2-cp311-cp311-manylinux2014_x86_64.manylinux_2_17_x86_64.manylinux_2_28_x86_64.whl", hash = "sha256:0deb80d062b2479f2c87ae568f89845afc71d11bc41b04179e58165fd9f31e98", size = 14562889, upload-time = "2026-04-21T17:05:27.674Z" },
    { url = "https://files.pythonhosted.org/packages/fd/87/da78243742ffa8a36d98c3010f0d829f93d5da4e6786f1a1a6f2ad616502/mypy-1.20.2-cp311-cp311-musllinux_1_2_x86_64.whl", hash = "sha256:bba9ad231e92a3e424b3e56b65aa17704993425bba97e302c832f9466bb85bac", size = 14803844, upload-time = "2026-04-21T17:10:06.2Z" },
    { url = "https://files.pythonhosted.org/packages/37/52/10a1ddf91b40f843943a3c6db51e2df59c9e237f29d355e95eaab427461f/mypy-1.20.2-cp311-cp311-win_amd64.whl", hash = "sha256:baf593f2765fa3a6b1ef95807dbaa3d25b594f6a52adcc506a6b9cb115e1be67", size = 10846300, upload-time = "2026-04-21T17:12:23.886Z" },
    { url = "https://files.pythonhosted.org/packages/20/02/f9a4415b664c53bd34d6709be59da303abcae986dc4ac847b402edb6fa1e/mypy-1.20.2-cp311-cp311-win_arm64.whl", hash = "sha256:20175a1c0f49863946ec20b7f63255768058ac4f07d2b9ded6a6b46cfb5a9100", size = 9779498, upload-time = "2026-04-21T17:09:23.695Z" },
    { url = "https://files.pythonhosted.org/packages/28/9a/f23c163e25b11074188251b0b5a0342625fc1cdb6af604757174fa9acc9b/mypy-1.20.2-py3-none-any.whl", hash = "sha256:a94c5a76ab46c5e6257c7972b6c8cff0574201ca7dc05647e33e795d78680563", size = 2637314, upload-time = "2026-04-21T17:05:54.5Z" },
]

[[package]]
name = "mypy-extensions"
version = "1.1.0"
source = { registry = "https://pypi.org/simple" }
sdist = { url = "https://files.pythonhosted.org/packages/a2/6e/371856a3fb9d31ca8dac321cda606860fa4548858c0cc45d9d1d4ca2628b/mypy_extensions-1.1.0.tar.gz", hash = "sha256:52e68efc3284861e772bbcd66823fde5ae21fd2fdb51c62a211403730b916558", size = 6343, upload-time = "2025-04-22T14:54:24.164Z" }
wheels = [
    { url = "https://files.pythonhosted.org/packages/79/7b/2c79738432f5c924bef5071f933bcc9efd0473bac3b4aa584a6f7c1c8df8/mypy_extensions-1.1.0-py3-none-any.whl", hash = "sha256:1be4cccdb0f2482337c4743e60421de3a356cd97508abadd57d47403e94f5505", size = 4963, upload-time = "2025-04-22T14:54:22.983Z" },
]

[[package]]
name = "numpy"
version = "2.4.4"
source = { registry = "https://pypi.org/simple" }
sdist = { url = "https://files.pythonhosted.org/packages/d7/9f/b8cef5bffa569759033adda9481211426f12f53299629b410340795c2514/numpy-2.4.4.tar.gz", hash = "sha256:2d390634c5182175533585cc89f3608a4682ccb173cc9bb940b2881c8d6f8fa0", size = 20731587, upload-time = "2026-03-29T13:22:01.298Z" }
wheels = [
    { url = "https://files.pythonhosted.org/packages/ef/c6/4218570d8c8ecc9704b5157a3348e486e84ef4be0ed3e38218ab473c83d2/numpy-2.4.4-cp311-cp311-macosx_10_9_x86_64.whl", hash = "sha256:f983334aea213c99992053ede6168500e5f086ce74fbc4acc3f2b00f5762e9db", size = 16976799, upload-time = "2026-03-29T13:18:15.438Z" },
    { url = "https://files.pythonhosted.org/packages/dd/92/b4d922c4a5f5dab9ed44e6153908a5c665b71acf183a83b93b690996e39b/numpy-2.4.4-cp311-cp311-macosx_11_0_arm64.whl", hash = "sha256:72944b19f2324114e9dc86a159787333b77874143efcf89a5167ef83cfee8af0", size = 14971552, upload-time = "2026-03-29T13:18:18.606Z" },
    { url = "https://files.pythonhosted.org/packages/8a/dc/df98c095978fa6ee7b9a9387d1d58cbb3d232d0e69ad169a4ce784bde4fd/numpy-2.4.4-cp311-cp311-macosx_14_0_arm64.whl", hash = "sha256:86b6f55f5a352b48d7fbfd2dbc3d5b780b2d79f4d3c121f33eb6efb22e9a2015", size = 5476566, upload-time = "2026-03-29T13:18:21.532Z" },
    { url = "https://files.pythonhosted.org/packages/28/34/b3fdcec6e725409223dd27356bdf5a3c2cc2282e428218ecc9cb7acc9763/numpy-2.4.4-cp311-cp311-macosx_14_0_x86_64.whl", hash = "sha256:ba1f4fc670ed79f876f70082eff4f9583c15fb9a4b89d6188412de4d18ae2f40", size = 6806482, upload-time = "2026-03-29T13:18:23.634Z" },
    { url = "https://files.pythonhosted.org/packages/68/62/63417c13aa35d57bee1337c67446761dc25ea6543130cf868eace6e8157b/numpy-2.4.4-cp311-cp311-manylinux_2_27_aarch64.manylinux_2_28_aarch64.whl", hash = "sha256:8a87ec22c87be071b6bdbd27920b129b94f2fc964358ce38f3822635a3e2e03d", size = 15973376, upload-time = "2026-03-29T13:18:26.677Z" },
    { url = "https://files.pythonhosted.org/packages/cf/c5/9fcb7e0e69cef59cf10c746b84f7d58b08bc66a6b7d459783c5a4f6101a6/numpy-2.4.4-cp311-cp311-manylinux_2_27_x86_64.manylinux_2_28_x86_64.whl", hash = "sha256:df3775294accfdd75f32c74ae39fcba920c9a378a2fc18a12b6820aa8c1fb502", size = 16925137, upload-time = "2026-03-29T13:18:30.14Z" },
    { url = "https://files.pythonhosted.org/packages/7e/43/80020edacb3f84b9efdd1591120a4296462c23fd8db0dde1666f6ef66f13/numpy-2.4.4-cp311-cp311-musllinux_1_2_aarch64.whl", hash = "sha256:0d4e437e295f18ec29bc79daf55e8a47a9113df44d66f702f02a293d93a2d6dd", size = 17329414, upload-time = "2026-03-29T13:18:33.733Z" },
    { url = "https://files.pythonhosted.org/packages/fd/06/af0658593b18a5f73532d377188b964f239eb0894e664a6c12f484472f97/numpy-2.4.4-cp311-cp311-musllinux_1_2_x86_64.whl", hash = "sha256:6aa3236c78803afbcb255045fbef97a9e25a1f6c9888357d205ddc42f4d6eba5", size = 18658397, upload-time = "2026-03-29T13:18:37.511Z" },
    { url = "https://files.pythonhosted.org/packages/e6/ce/13a09ed65f5d0ce5c7dd0669250374c6e379910f97af2c08c57b0608eee4/numpy-2.4.4-cp311-cp311-win32.whl", hash = "sha256:30caa73029a225b2d40d9fae193e008e24b2026b7ee1a867b7ee8d96ca1a448e", size = 6239499, upload-time = "2026-03-29T13:18:40.372Z" },
    { url = "https://files.pythonhosted.org/packages/bd/63/05d193dbb4b5eec1eca73822d80da98b511f8328ad4ae3ca4caf0f4db91d/numpy-2.4.4-cp311-cp311-win_amd64.whl", hash = "sha256:6bbe4eb67390b0a0265a2c25458f6b90a409d5d069f1041e6aff1e27e3d9a79e", size = 12614257, upload-time = "2026-03-29T13:18:42.95Z" },
    { url = "https://files.pythonhosted.org/packages/87/c5/8168052f080c26fa984c413305012be54741c9d0d74abd7fbeeccae3889f/numpy-2.4.4-cp311-cp311-win_arm64.whl", hash = "sha256:fcfe2045fd2e8f3cb0ce9d4ba6dba6333b8fa05bb8a4939c908cd43322d14c7e", size = 10486775, upload-time = "2026-03-29T13:18:45.835Z" },
    { url = "https://files.pythonhosted.org/packages/6b/33/8fae8f964a4f63ed528264ddf25d2b683d0b663e3cba26961eb838a7c1bd/numpy-2.4.4-pp311-pypy311_pp73-macosx_10_15_x86_64.whl", hash = "sha256:58c8b5929fcb8287cbd6f0a3fae19c6e03a5c48402ae792962ac465224a629a4", size = 16854491, upload-time = "2026-03-29T13:21:38.03Z" },
    { url = "https://files.pythonhosted.org/packages/bc/d0/1aabee441380b981cf8cdda3ae7a46aa827d1b5a8cce84d14598bc94d6d9/numpy-2.4.4-pp311-pypy311_pp73-macosx_11_0_arm64.whl", hash = "sha256:eea7ac5d2dce4189771cedb559c738a71512768210dc4e4753b107a2048b3d0e", size = 14895830, upload-time = "2026-03-29T13:21:41.509Z" },
    { url = "https://files.pythonhosted.org/packages/a5/b8/aafb0d1065416894fccf4df6b49ef22b8db045187949545bced89c034b8e/numpy-2.4.4-pp311-pypy311_pp73-macosx_14_0_arm64.whl", hash = "sha256:51fc224f7ca4d92656d5a5eb315f12eb5fe2c97a66249aa7b5f562528a3be38c", size = 5400927, upload-time = "2026-03-29T13:21:44.747Z" },
    { url = "https://files.pythonhosted.org/packages/d6/77/063baa20b08b431038c7f9ff5435540c7b7265c78cf56012a483019ca72d/numpy-2.4.4-pp311-pypy311_pp73-macosx_14_0_x86_64.whl", hash = "sha256:28a650663f7314afc3e6ec620f44f333c386aad9f6fc472030865dc0ebb26ee3", size = 6715557, upload-time = "2026-03-29T13:21:47.406Z" },
    { url = "https://files.pythonhosted.org/packages/c7/a8/379542d45a14f149444c5c4c4e7714707239ce9cc1de8c2803958889da14/numpy-2.4.4-pp311-pypy311_pp73-manylinux_2_27_aarch64.manylinux_2_28_aarch64.whl", hash = "sha256:19710a9ca9992d7174e9c52f643d4272dcd1558c5f7af7f6f8190f633bd651a7", size = 15804253, upload-time = "2026-03-29T13:21:50.753Z" },
    { url = "https://files.pythonhosted.org/packages/a2/c8/f0a45426d6d21e7ea3310a15cf90c43a14d9232c31a837702dba437f3373/numpy-2.4.4-pp311-pypy311_pp73-manylinux_2_27_x86_64.manylinux_2_28_x86_64.whl", hash = "sha256:9b2aec6af35c113b05695ebb5749a787acd63cafc83086a05771d1e1cd1e555f", size = 16753552, upload-time = "2026-03-29T13:21:54.344Z" },
    { url = "https://files.pythonhosted.org/packages/04/74/f4c001f4714c3ad9ce037e18cf2b9c64871a84951eaa0baf683a9ca9301c/numpy-2.4.4-pp311-pypy311_pp73-win_amd64.whl", hash = "sha256:f2cf083b324a467e1ab358c105f6cad5ea950f50524668a80c486ff1db24e119", size = 12509075, upload-time = "2026-03-29T13:21:57.644Z" },
]

[[package]]
name = "packaging"
version = "25.0"
source = { registry = "https://pypi.org/simple" }
sdist = { url = "https://files.pythonhosted.org/packages/a1/d4/1fc4078c65507b51b96ca8f8c3ba19e6a61c8253c72794544580a7b6c24d/packaging-25.0.tar.gz", hash = "sha256:d443872c98d677bf60f6a1f2f8c1cb748e8fe762d2bf9d3148b5599295b0fc4f", size = 165727, upload-time = "2025-04-19T11:48:59.673Z" }
wheels = [
    { url = "https://files.pythonhosted.org/packages/20/12/38679034af332785aac8774540895e234f4d07f7545804097de4b666afd8/packaging-25.0-py3-none-any.whl", hash = "sha256:29572ef2b1f17581046b3a2227d5c611fb25ec70ca1ba8554b24b0e69331a484", size = 66469, upload-time = "2025-04-19T11:48:57.875Z" },
]

[[package]]
name = "pathspec"
version = "1.1.1"
source = { registry = "https://pypi.org/simple" }
sdist = { url = "https://files.pythonhosted.org/packages/5a/82/42f767fc1c1143d6fd36efb827202a2d997a375e160a71eb2888a925aac1/pathspec-1.1.1.tar.gz", hash = "sha256:17db5ecd524104a120e173814c90367a96a98d07c45b2e10c2f3919fff91bf5a", size = 135180, upload-time = "2026-04-27T01:46:08.907Z" }
wheels = [
    { url = "https://files.pythonhosted.org/packages/f1/d9/7fb5aa316bc299258e68c73ba3bddbc499654a07f151cba08f6153988714/pathspec-1.1.1-py3-none-any.whl", hash = "sha256:a00ce642f577bf7f473932318056212bc4f8bfdf53128c78bbd5af0b9b20b189", size = 57328, upload-time = "2026-04-27T01:46:07.06Z" },
]

[[package]]
name = "pluggy"
version = "1.6.0"
source = { registry = "https://pypi.org/simple" }
sdist = { url = "https://files.pythonhosted.org/packages/f9/e2/3e91f31a7d2b083fe6ef3fa267035b518369d9511ffab804f839851d2779/pluggy-1.6.0.tar.gz", hash = "sha256:7dcc130b76258d33b90f61b658791dede3486c3e6bfb003ee5c9bfb396dd22f3", size = 69412, upload-time = "2025-05-15T12:30:07.975Z" }
wheels = [
    { url = "https://files.pythonhosted.org/packages/54/20/4d324d65cc6d9205fabedc306948156824eb9f0ee1633355a8f7ec5c66bf/pluggy-1.6.0-py3-none-any.whl", hash = "sha256:e920276dd6813095e9377c0bc5566d94c932c33b27a3e3945d8389c374dd4746", size = 20538, upload-time = "2025-05-15T12:30:06.134Z" },
]

[[package]]
name = "pydantic"
version = "2.12.0a1"
source = { registry = "https://pypi.org/simple" }
dependencies = [
    { name = "annotated-types" },
    { name = "pydantic-core" },
    { name = "typing-extensions" },
    { name = "typing-inspection" },
]
sdist = { url = "https://files.pythonhosted.org/packages/02/e0/1a4cb54fbbb606f3b19fc0f5a3c8776902c49da847c32546674644cfa212/pydantic-2.12.0a1.tar.gz", hash = "sha256:5724048f8b728a721f993de95cadf6ef47ce18043034316798aa5acbab30f7ce", size = 802751, upload-time = "2025-07-26T18:28:55.313Z" }
wheels = [
    { url = "https://files.pythonhosted.org/packages/d5/6c/e7f4ff7094ea277cc164c56325cf903a93312655f5d1ac68d7d5dd10facc/pydantic-2.12.0a1-py3-none-any.whl", hash = "sha256:f292f0df096a522be36558f1c569d840b27de8ad64234996b068b891c4bc99e7", size = 453772, upload-time = "2025-07-26T18:28:52.799Z" },
]

[[package]]
name = "pydantic-core"
version = "2.37.2"
source = { registry = "https://pypi.org/simple" }
dependencies = [
    { name = "typing-extensions" },
]
sdist = { url = "https://files.pythonhosted.org/packages/e6/e3/533de0eacb89752c7536bd6551f622e70953811d4cf33f16765bc768e053/pydantic_core-2.37.2.tar.gz", hash = "sha256:78fb2a749123408fedaf540a22ca6bf0b5ec1f522a14fc00e27ede33d8ac088c", size = 443903, upload-time = "2025-07-26T11:30:10.053Z" }
wheels = [
    { url = "https://files.pythonhosted.org/packages/66/db/e43fc93054e40490dadee46fdad516f0336bd58f74e35849391f8385c14b/pydantic_core-2.37.2-cp311-cp311-macosx_10_12_x86_64.whl", hash = "sha256:5f7fd8347b1dbdcd529175c5a9dcb131e964e581bbf4985a2edd184ce4189f8a", size = 2113435, upload-time = "2025-07-26T11:27:11.066Z" },
    { url = "https://files.pythonhosted.org/packages/a3/d2/b777f106c2dafdf5a4320a32be5445873c11c62f57c1d398bcdcff4d9899/pydantic_core-2.37.2-cp311-cp311-macosx_11_0_arm64.whl", hash = "sha256:ce36ad8ed3044dc7f4e1c023b409ba619f1e4b01c3dff2089d15d58ff1be6e85", size = 1878915, upload-time = "2025-07-26T11:27:12.847Z" },
    { url = "https://files.pythonhosted.org/packages/43/65/c910aab41b0d6dc9111322dd005d0c3b02681ccb2fb8fe0998425dbb5897/pydantic_core-2.37.2-cp311-cp311-manylinux_2_17_aarch64.manylinux2014_aarch64.whl", hash = "sha256:95458d6ffd174baffa92d1de7f554a5bd241d01ece213610549454df85246977", size = 1964754, upload-time = "2025-07-26T11:27:14.637Z" },
    { url = "https://files.pythonhosted.org/packages/31/4f/8adb11256c145878cfd048b195d829ae028cd6ddd6bf54ad5f2ddd6bc009/pydantic_core-2.37.2-cp311-cp311-manylinux_2_17_armv7l.manylinux2014_armv7l.whl", hash = "sha256:69ca4ad75a16d133418585487a1f411d9e108babfcf16929a1a80e7749679ec5", size = 2042033, upload-time = "2025-07-26T11:27:16.437Z" },
    { url = "https://files.pythonhosted.org/packages/a0/59/5632eacb0a67484972651eba2d2a92d8c3cebfec8b5cdd11929e156e15d5/pydantic_core-2.37.2-cp311-cp311-manylinux_2_17_ppc64le.manylinux2014_ppc64le.whl", hash = "sha256:471fdd3ce9b6c64ebec530297b89b0bff79f6a09ed8a64da7546c6bcf652fa62", size = 2228995, upload-time = "2025-07-26T11:27:18.012Z" },
    { url = "https://files.pythonhosted.org/packages/16/83/cce6ca6e70cfb595500ceb525d8a5ff7a5a9b6816fd6c8a108ebd7aa3ac3/pydantic_core-2.37.2-cp311-cp311-manylinux_2_17_s390x.manylinux2014_s390x.whl", hash = "sha256:1b3e5c3916f052fa215eaf790dbec963fec112670cdb6b5043023d422c056b5c", size = 2304893, upload-time = "2025-07-26T11:27:19.542Z" },
    { url = "https://files.pythonhosted.org/packages/ce/4e/4003a1096f852c3b4614990aacb1fcec696e6db9ce929d7dfab4466cf644/pydantic_core-2.37.2-cp311-cp311-manylinux_2_17_x86_64.manylinux2014_x86_64.whl", hash = "sha256:673fbca1f76e85172e5a73f2031e281da3a509bb61721e98bf8121893c7c2f9a", size = 2034951, upload-time = "2025-07-26T11:27:21.033Z" },
    { url = "https://files.pythonhosted.org/packages/08/18/9464484912996b5fc6485d5eaa4afed9d51e1b7d95c934e3b8d2bb0d4327/pydantic_core-2.37.2-cp311-cp311-manylinux_2_5_i686.manylinux1_i686.whl", hash = "sha256:86173c14c855c7f1ebbdd8a446a985ab829c547206f5a7e6e88ff5571b9de147", size = 2179993, upload-time = "2025-07-26T11:27:22.852Z" },
    { url = "https://files.pythonhosted.org/packages/c2/67/fbe323eea3503e102b807cf5205f9282dc3bed6aa3433184cdf3e9b67bc3/pydantic_core-2.37.2-cp311-cp311-musllinux_1_1_aarch64.whl", hash = "sha256:809212fa54f5940c3658cad730435218c6adfcaadb3b2c7edf4e0ef2dae56cc9", size = 2141531, upload-time = "2025-07-26T11:27:24.428Z" },
    { url = "https://files.pythonhosted.org/packages/d9/8e/8760eb01795c3d1c75e0df7c050e376c8b642fe6b6d75a1700c14f38aed6/pydantic_core-2.37.2-cp311-cp311-musllinux_1_1_armv7l.whl", hash = "sha256:6a99ac69ae60b7e4425162a22342687274133f4ac42df74a8d542f2a10d4a636", size = 2309673, upload-time = "2025-07-26T11:27:26.674Z" },
    { url = "https://files.pythonhosted.org/packages/e1/61/b084ac6ead45d74f1b90d2e3fa30cf54502bf04cbd45d4392b895f98c28d/pydantic_core-2.37.2-cp311-cp311-musllinux_1_1_x86_64.whl", hash = "sha256:21c471185968fab5b4b8848bbe8580b44d52511210547c20c6883b09b19872b7", size = 2320023, upload-time = "2025-07-26T11:27:28.177Z" },
    { url = "https://files.pythonhosted.org/packages/13/5d/4d1e943f76114a2a343c6e398913be5f93c6abdbc4316d7b683b0d8c6011/pydantic_core-2.37.2-cp311-cp311-win32.whl", hash = "sha256:d56baaf071198f8ae9a9fc426021e14cd7324650add0af9265669ccb51e6ca39", size = 1967351, upload-time = "2025-07-26T11:27:29.775Z" },
    { url = "https://files.pythonhosted.org/packages/01/40/7103a2919f57833778692ee5895e5964882eb887a9950334936590652bca/pydantic_core-2.37.2-cp311-cp311-win_amd64.whl", hash = "sha256:606fff9bae16d56a45ea02a7d19ce0756321561febfebe72843bfc8e102dbac7", size = 1994412, upload-time = "2025-07-26T11:27:31.299Z" },
    { url = "https://files.pythonhosted.org/packages/e1/cb/d7284e1affaa422dc0c505f817eee60bceb1cbe4248b73d1498c9fbf9b4c/pydantic_core-2.37.2-cp311-cp311-win_arm64.whl", hash = "sha256:922970c9cf4c5f744aacd992b0ac03ae3ade7dafde3af4ea81cbf617eefb557c", size = 1965525, upload-time = "2025-07-26T11:27:32.813Z" },
    { url = "https://files.pythonhosted.org/packages/a2/77/c9dab01bc02b771479c6c22af891daf7788b2af6908a2ad4d91aba80bbec/pydantic_core-2.37.2-pp311-pypy311_pp73-macosx_10_12_x86_64.whl", hash = "sha256:d2b202c7896403c475628e6a6f4b33761ee5e492c9c87a4ca4142324c90308ee", size = 2113400, upload-time = "2025-07-26T11:29:47.813Z" },
    { url = "https://files.pythonhosted.org/packages/1f/93/547d20bd164c8aa061d836f749198ad3083057bcede2e62385eb60213cfc/pydantic_core-2.37.2-pp311-pypy311_pp73-macosx_11_0_arm64.whl", hash = "sha256:d15c6a66204100d9dd363ed192971fab906b7ba9d55efe01deaf421ced66c60f", size = 1932076, upload-time = "2025-07-26T11:29:50.282Z" },
    { url = "https://files.pythonhosted.org/packages/73/a5/6402d07e5c3cb5a07b737606098bab0a3379be1927ce2a7799f7e32310cf/pydantic_core-2.37.2-pp311-pypy311_pp73-manylinux_2_17_aarch64.manylinux2014_aarch64.whl", hash = "sha256:23f0f3648bb68a188e15cb99e3d715ba56293d2b8e9984bf3b6d373a9ed5640b", size = 1966050, upload-time = "2025-07-26T11:29:52.775Z" },
    { url = "https://files.pythonhosted.org/packages/f7/65/29621f969c94dbc11e2c20d3043ea4eb1a9303417124c78cd22877f2c471/pydantic_core-2.37.2-pp311-pypy311_pp73-manylinux_2_17_x86_64.manylinux2014_x86_64.whl", hash = "sha256:77d030263fcc8520d0fe772caf773e535cc3ff6e4c5d7af2ecb21f1ffee4eed5", size = 2152682, upload-time = "2025-07-26T11:29:55.274Z" },
    { url = "https://files.pythonhosted.org/packages/08/6a/ea938afefa1b59e5ff563c978fbfa4cc888cd287a051165b30e1a5293a3a/pydantic_core-2.37.2-pp311-pypy311_pp73-manylinux_2_5_i686.manylinux1_i686.whl", hash = "sha256:9ca7e1d981ea3eac5864f42150f73b805ff5645d2dcb9615f9cc716eb468538a", size = 2176492, upload-time = "2025-07-26T11:29:57.199Z" },
    { url = "https://files.pythonhosted.org/packages/bf/1b/30b1ea0deffbbfa0c1681112029d3a58ea364c61117d528e22e925d48a64/pydantic_core-2.37.2-pp311-pypy311_pp73-musllinux_1_1_aarch64.whl", hash = "sha256:3f68fc979de6881467086bd26490afecf47af691004a6a61bcc5f64ca8f8b556", size = 2143589, upload-time = "2025-07-26T11:29:59.62Z" },
    { url = "https://files.pythonhosted.org/packages/0d/09/48dc1d9170265cfdddc2fe3872702d52b371acfb6270910657e824004b40/pydantic_core-2.37.2-pp311-pypy311_pp73-musllinux_1_1_armv7l.whl", hash = "sha256:2ca5511d4c815269496e577af62fe0ed8dc4fafb1f7d6bd280063f174d9c6c10", size = 2310473, upload-time = "2025-07-26T11:30:01.845Z" },
    { url = "https://files.pythonhosted.org/packages/32/09/f4958da406b4f362d8c086984cccb95a02ff8f415acd87ec20e75f48d7d4/pydantic_core-2.37.2-pp311-pypy311_pp73-musllinux_1_1_x86_64.whl", hash = "sha256:257dfc9a1a7f9a2ab203423ca13c10e52798a26081f9ffc43d1c0b90897443e2", size = 2322311, upload-time = "2025-07-26T11:30:04.188Z" },
    { url = "https://files.pythonhosted.org/packages/22/d2/d77b3fd4a3a4d0cfd0b66b6c32427100c445c1f6aea543cc533071d2c399/pydantic_core-2.37.2-pp311-pypy311_pp73-win_amd64.whl", hash = "sha256:1fdc045a4ebb04e2218430c7084dd7d30fce601e939c4a0825677dffdf7838b5", size = 2147379, upload-time = "2025-07-26T11:30:06.273Z" },
]

[[package]]
name = "pygments"
version = "2.19.2"
source = { registry = "https://pypi.org/simple" }
sdist = { url = "https://files.pythonhosted.org/packages/b0/77/a5b8c569bf593b0140bde72ea885a803b82086995367bf2037de0159d924/pygments-2.19.2.tar.gz", hash = "sha256:636cb2477cec7f8952536970bc533bc43743542f70392ae026374600add5b887", size = 4968631, upload-time = "2025-06-21T13:39:12.283Z" }
wheels = [
    { url = "https://files.pythonhosted.org/packages/c7/21/705964c7812476f378728bdf590ca4b771ec72385c533964653c68e86bdc/pygments-2.19.2-py3-none-any.whl", hash = "sha256:86540386c03d588bb81d44bc3928634ff26449851e99741617ecb9037ee5ec0b", size = 1225217, upload-time = "2025-06-21T13:39:07.939Z" },
]

[[package]]
name = "pytest"
version = "8.4.2"
source = { registry = "https://pypi.org/simple" }
dependencies = [
    { name = "colorama", marker = "sys_platform == 'win32'" },
    { name = "iniconfig" },
    { name = "packaging" },
    { name = "pluggy" },
    { name = "pygments" },
]
sdist = { url = "https://files.pythonhosted.org/packages/a3/5c/00a0e072241553e1a7496d638deababa67c5058571567b92a7eaa258397c/pytest-8.4.2.tar.gz", hash = "sha256:86c0d0b93306b961d58d62a4db4879f27fe25513d4b969df351abdddb3c30e01", size = 1519618, upload-time = "2025-09-04T14:34:22.711Z" }
wheels = [
    { url = "https://files.pythonhosted.org/packages/a8/a4/20da314d277121d6534b3a980b29035dcd51e6744bd79075a6ce8fa4eb8d/pytest-8.4.2-py3-none-any.whl", hash = "sha256:872f880de3fc3a5bdc88a11b39c9710c3497a547cfa9320bc3c5e62fbf272e79", size = 365750, upload-time = "2025-09-04T14:34:20.226Z" },
]

[[package]]
name = "query-common"
version = "0.3.2"
source = { editable = "." }
dependencies = [
    { name = "lark" },
    { name = "numpy" },
    { name = "pydantic" },
]

[package.dev-dependencies]
dev = [
    { name = "mypy" },
    { name = "pytest" },
    { name = "ruff" },
]

[package.metadata]
requires-dist = [
    { name = "backports-strenum", marker = "python_full_version < '3.11'", specifier = ">=1.3.1" },
    { name = "lark", specifier = ">=1.2.2,<2.0.0" },
    { name = "numpy", specifier = ">=2.2.0,<3" },
    { name = "pydantic", specifier = ">=2.11.9" },
]

[package.metadata.requires-dev]
dev = [
    { name = "mypy", specifier = ">=1.16.1,<2" },
    { name = "pytest", specifier = ">=8.4.1,<9" },
    { name = "ruff", specifier = ">=0.13.1,<0.15" },
]

[[package]]
name = "ruff"
version = "0.14.14"
source = { registry = "https://pypi.org/simple" }
sdist = { url = "https://files.pythonhosted.org/packages/2e/06/f71e3a86b2df0dfa2d2f72195941cd09b44f87711cb7fa5193732cb9a5fc/ruff-0.14.14.tar.gz", hash = "sha256:2d0f819c9a90205f3a867dbbd0be083bee9912e170fd7d9704cc8ae45824896b", size = 4515732, upload-time = "2026-01-22T22:30:17.527Z" }
wheels = [
    { url = "https://files.pythonhosted.org/packages/d2/89/20a12e97bc6b9f9f68343952da08a8099c57237aef953a56b82711d55edd/ruff-0.14.14-py3-none-linux_armv6l.whl", hash = "sha256:7cfe36b56e8489dee8fbc777c61959f60ec0f1f11817e8f2415f429552846aed", size = 10467650, upload-time = "2026-01-22T22:30:08.578Z" },
    { url = "https://files.pythonhosted.org/packages/a3/b1/c5de3fd2d5a831fcae21beda5e3589c0ba67eec8202e992388e4b17a6040/ruff-0.14.14-py3-none-macosx_10_12_x86_64.whl", hash = "sha256:6006a0082336e7920b9573ef8a7f52eec837add1265cc74e04ea8a4368cd704c", size = 10883245, upload-time = "2026-01-22T22:30:04.155Z" },
    { url = "https://files.pythonhosted.org/packages/b8/7c/3c1db59a10e7490f8f6f8559d1db8636cbb13dccebf18686f4e3c9d7c772/ruff-0.14.14-py3-none-macosx_11_0_arm64.whl", hash = "sha256:026c1d25996818f0bf498636686199d9bd0d9d6341c9c2c3b62e2a0198b758de", size = 10231273, upload-time = "2026-01-22T22:30:34.642Z" },
    { url = "https://files.pythonhosted.org/packages/a1/6e/5e0e0d9674be0f8581d1f5e0f0a04761203affce3232c1a1189d0e3b4dad/ruff-0.14.14-py3-none-manylinux_2_17_aarch64.manylinux2014_aarch64.whl", hash = "sha256:f666445819d31210b71e0a6d1c01e24447a20b85458eea25a25fe8142210ae0e", size = 10585753, upload-time = "2026-01-22T22:30:31.781Z" },
    { url = "https://files.pythonhosted.org/packages/23/09/754ab09f46ff1884d422dc26d59ba18b4e5d355be147721bb2518aa2a014/ruff-0.14.14-py3-none-manylinux_2_17_armv7l.manylinux2014_armv7l.whl", hash = "sha256:3c0f18b922c6d2ff9a5e6c3ee16259adc513ca775bcf82c67ebab7cbd9da5bc8", size = 10286052, upload-time = "2026-01-22T22:30:24.827Z" },
    { url = "https://files.pythonhosted.org/packages/c8/cc/e71f88dd2a12afb5f50733851729d6b571a7c3a35bfdb16c3035132675a0/ruff-0.14.14-py3-none-manylinux_2_17_i686.manylinux2014_i686.whl", hash = "sha256:1629e67489c2dea43e8658c3dba659edbfd87361624b4040d1df04c9740ae906", size = 11043637, upload-time = "2026-01-22T22:30:13.239Z" },
    { url = "https://files.pythonhosted.org/packages/67/b2/397245026352494497dac935d7f00f1468c03a23a0c5db6ad8fc49ca3fb2/ruff-0.14.14-py3-none-manylinux_2_17_ppc64.manylinux2014_ppc64.whl", hash = "sha256:27493a2131ea0f899057d49d303e4292b2cae2bb57253c1ed1f256fbcd1da480", size = 12194761, upload-time = "2026-01-22T22:30:22.542Z" },
    { url = "https://files.pythonhosted.org/packages/5b/06/06ef271459f778323112c51b7587ce85230785cd64e91772034ddb88f200/ruff-0.14.14-py3-none-manylinux_2_17_ppc64le.manylinux2014_ppc64le.whl", hash = "sha256:01ff589aab3f5b539e35db38425da31a57521efd1e4ad1ae08fc34dbe30bd7df", size = 12005701, upload-time = "2026-01-22T22:30:20.499Z" },
    { url = "https://files.pythonhosted.org/packages/41/d6/99364514541cf811ccc5ac44362f88df66373e9fec1b9d1c4cc830593fe7/ruff-0.14.14-py3-none-manylinux_2_17_s390x.manylinux2014_s390x.whl", hash = "sha256:1cc12d74eef0f29f51775f5b755913eb523546b88e2d733e1d701fe65144e89b", size = 11282455, upload-time = "2026-01-22T22:29:59.679Z" },
    { url = "https://files.pythonhosted.org/packages/ca/71/37daa46f89475f8582b7762ecd2722492df26421714a33e72ccc9a84d7a5/ruff-0.14.14-py3-none-manylinux_2_17_x86_64.manylinux2014_x86_64.whl", hash = "sha256:bb8481604b7a9e75eff53772496201690ce2687067e038b3cc31aaf16aa0b974", size = 11215882, upload-time = "2026-01-22T22:29:57.032Z" },
    { url = "https://files.pythonhosted.org/packages/2c/10/a31f86169ec91c0705e618443ee74ede0bdd94da0a57b28e72db68b2dbac/ruff-0.14.14-py3-none-manylinux_2_31_riscv64.whl", hash = "sha256:14649acb1cf7b5d2d283ebd2f58d56b75836ed8c6f329664fa91cdea19e76e66", size = 11180549, upload-time = "2026-01-22T22:30:27.175Z" },
    { url = "https://files.pythonhosted.org/packages/fd/1e/c723f20536b5163adf79bdd10c5f093414293cdf567eed9bdb7b83940f3f/ruff-0.14.14-py3-none-musllinux_1_2_aarch64.whl", hash = "sha256:e8058d2145566510790eab4e2fad186002e288dec5e0d343a92fe7b0bc1b3e13", size = 10543416, upload-time = "2026-01-22T22:30:01.964Z" },
    { url = "https://files.pythonhosted.org/packages/3e/34/8a84cea7e42c2d94ba5bde1d7a4fae164d6318f13f933d92da6d7c2041ff/ruff-0.14.14-py3-none-musllinux_1_2_armv7l.whl", hash = "sha256:e651e977a79e4c758eb807f0481d673a67ffe53cfa92209781dfa3a996cf8412", size = 10285491, upload-time = "2026-01-22T22:30:29.51Z" },
    { url = "https://files.pythonhosted.org/packages/55/ef/b7c5ea0be82518906c978e365e56a77f8de7678c8bb6651ccfbdc178c29f/ruff-0.14.14-py3-none-musllinux_1_2_i686.whl", hash = "sha256:cc8b22da8d9d6fdd844a68ae937e2a0adf9b16514e9a97cc60355e2d4b219fc3", size = 10733525, upload-time = "2026-01-22T22:30:06.499Z" },
    { url = "https://files.pythonhosted.org/packages/6a/5b/aaf1dfbcc53a2811f6cc0a1759de24e4b03e02ba8762daabd9b6bd8c59e3/ruff-0.14.14-py3-none-musllinux_1_2_x86_64.whl", hash = "sha256:16bc890fb4cc9781bb05beb5ab4cd51be9e7cb376bf1dd3580512b24eb3fda2b", size = 11315626, upload-time = "2026-01-22T22:30:36.848Z" },
    { url = "https://files.pythonhosted.org/packages/2c/aa/9f89c719c467dfaf8ad799b9bae0df494513fb21d31a6059cb5870e57e74/ruff-0.14.14-py3-none-win32.whl", hash = "sha256:b530c191970b143375b6a68e6f743800b2b786bbcf03a7965b06c4bf04568167", size = 10502442, upload-time = "2026-01-22T22:30:38.93Z" },
    { url = "https://files.pythonhosted.org/packages/87/44/90fa543014c45560cae1fffc63ea059fb3575ee6e1cb654562197e5d16fb/ruff-0.14.14-py3-none-win_amd64.whl", hash = "sha256:3dde1435e6b6fe5b66506c1dff67a421d0b7f6488d466f651c07f4cab3bf20fd", size = 11630486, upload-time = "2026-01-22T22:30:10.852Z" },
    { url = "https://files.pythonhosted.org/packages/9e/6a/40fee331a52339926a92e17ae748827270b288a35ef4a15c9c8f2ec54715/ruff-0.14.14-py3-none-win_arm64.whl", hash = "sha256:56e6981a98b13a32236a72a8da421d7839221fa308b223b9283312312e5ac76c", size = 10920448, upload-time = "2026-01-22T22:30:15.417Z" },
]

[[package]]
name = "typing-extensions"
version = "4.15.0"
source = { registry = "https://pypi.org/simple" }
sdist = { url = "https://files.pythonhosted.org/packages/72/94/1a15dd82efb362ac84269196e94cf00f187f7ed21c242792a923cdb1c61f/typing_extensions-4.15.0.tar.gz", hash = "sha256:0cea48d173cc12fa28ecabc3b837ea3cf6f38c6d1136f85cbaaf598984861466", size = 109391, upload-time = "2025-08-25T13:49:26.313Z" }
wheels = [
    { url = "https://files.pythonhosted.org/packages/18/67/36e9267722cc04a6b9f15c7f3441c2363321a3ea07da7ae0c0707beb2a9c/typing_extensions-4.15.0-py3-none-any.whl", hash = "sha256:f0fa19c6845758ab08074a0cfa8b7aecb71c999ca73d62883bc25cc018c4e548", size = 44614, upload-time = "2025-08-25T13:49:24.86Z" },
]

[[package]]
name = "typing-inspection"
version = "0.4.2"
source = { registry = "https://pypi.org/simple" }
dependencies = [
    { name = "typing-extensions" },
]
sdist = { url = "https://files.pythonhosted.org/packages/55/e3/70399cb7dd41c10ac53367ae42139cf4b1ca5f36bb3dc6c9d33acdb43655/typing_inspection-0.4.2.tar.gz", hash = "sha256:ba561c48a67c5958007083d386c3295464928b01faa735ab8547c5692e87f464", size = 75949, upload-time = "2025-10-01T02:14:41.687Z" }
wheels = [
    { url = "https://files.pythonhosted.org/packages/dc/9b/47798a6c91d8bdb567fe2698fe81e0c6b7cb7ef4d13da4114b41d239f65d/typing_inspection-0.4.2-py3-none-any.whl", hash = "sha256:4ed1cacbdc298c220f1bd249ed5287caa16f34d44ef4e9c3d0cbad5b521545e7", size = 14611, upload-time = "2025-10-01T02:14:40.154Z" },
]
